// !$*UTF8*$!
{
	archiveVersion = 1;
	classes = {
	};
	objectVersion = 55;
	objects = {

/* Begin PBXBuildFile section */
		914F4C7E28464D3500652989 /* MainScreenView.swift in Sources */ = {isa = PBXBuildFile; fileRef = 914F4C7D28464D3500652989 /* MainScreenView.swift */; };
		914F4C802846677F00652989 /* RegisterView.swift in Sources */ = {isa = PBXBuildFile; fileRef = 914F4C7F2846677F00652989 /* RegisterView.swift */; };
		914F4C8228466FF300652989 /* RegisterWithEmailView.swift in Sources */ = {isa = PBXBuildFile; fileRef = 914F4C8128466FF300652989 /* RegisterWithEmailView.swift */; };
		915ABD26280A0A98001DF175 /* CommunityView.swift in Sources */ = {isa = PBXBuildFile; fileRef = 915ABD25280A0A98001DF175 /* CommunityView.swift */; };
		91CE28152806306E00D4781B /* BeMyEyeUIApp.swift in Sources */ = {isa = PBXBuildFile; fileRef = 91CE28142806306E00D4781B /* BeMyEyeUIApp.swift */; };
		91CE28172806306E00D4781B /* ContentView.swift in Sources */ = {isa = PBXBuildFile; fileRef = 91CE28162806306E00D4781B /* ContentView.swift */; };
		91CE28192806306F00D4781B /* Assets.xcassets in Resources */ = {isa = PBXBuildFile; fileRef = 91CE28182806306F00D4781B /* Assets.xcassets */; };
		91CE281C2806306F00D4781B /* Preview Assets.xcassets in Resources */ = {isa = PBXBuildFile; fileRef = 91CE281B2806306F00D4781B /* Preview Assets.xcassets */; };
		91CE282328065D3A00D4781B /* HomeView.swift in Sources */ = {isa = PBXBuildFile; fileRef = 91CE282228065D3A00D4781B /* HomeView.swift */; };
		91CE282528066E3800D4781B /* SettingsView.swift in Sources */ = {isa = PBXBuildFile; fileRef = 91CE282428066E3800D4781B /* SettingsView.swift */; };
/* End PBXBuildFile section */

/* Begin PBXFileReference section */
		914F4C7D28464D3500652989 /* MainScreenView.swift */ = {isa = PBXFileReference; lastKnownFileType = sourcecode.swift; path = MainScreenView.swift; sourceTree = "<group>"; };
		914F4C7F2846677F00652989 /* RegisterView.swift */ = {isa = PBXFileReference; lastKnownFileType = sourcecode.swift; path = RegisterView.swift; sourceTree = "<group>"; };
		914F4C8128466FF300652989 /* RegisterWithEmailView.swift */ = {isa = PBXFileReference; lastKnownFileType = sourcecode.swift; path = RegisterWithEmailView.swift; sourceTree = "<group>"; };
		915ABD25280A0A98001DF175 /* CommunityView.swift */ = {isa = PBXFileReference; lastKnownFileType = sourcecode.swift; path = CommunityView.swift; sourceTree = "<group>"; };
		91CE28112806306E00D4781B /* Be My Eyes.app */ = {isa = PBXFileReference; explicitFileType = wrapper.application; includeInIndex = 0; path = "Be My Eyes.app"; sourceTree = BUILT_PRODUCTS_DIR; };
		91CE28142806306E00D4781B /* BeMyEyeUIApp.swift */ = {isa = PBXFileReference; lastKnownFileType = sourcecode.swift; path = BeMyEyeUIApp.swift; sourceTree = "<group>"; };
		91CE28162806306E00D4781B /* ContentView.swift */ = {isa = PBXFileReference; lastKnownFileType = sourcecode.swift; path = ContentView.swift; sourceTree = "<group>"; };
		91CE28182806306F00D4781B /* Assets.xcassets */ = {isa = PBXFileReference; lastKnownFileType = folder.assetcatalog; path = Assets.xcassets; sourceTree = "<group>"; };
		91CE281B2806306F00D4781B /* Preview Assets.xcassets */ = {isa = PBXFileReference; lastKnownFileType = folder.assetcatalog; path = "Preview Assets.xcassets"; sourceTree = "<group>"; };
		91CE282228065D3A00D4781B /* HomeView.swift */ = {isa = PBXFileReference; lastKnownFileType = sourcecode.swift; path = HomeView.swift; sourceTree = "<group>"; };
		91CE282428066E3800D4781B /* SettingsView.swift */ = {isa = PBXFileReference; lastKnownFileType = sourcecode.swift; path = SettingsView.swift; sourceTree = "<group>"; };
/* End PBXFileReference section */

/* Begin PBXFrameworksBuildPhase section */
		91CE280E2806306E00D4781B /* Frameworks */ = {
			isa = PBXFrameworksBuildPhase;
			buildActionMask = 2147483647;
			files = (
			);
			runOnlyForDeploymentPostprocessing = 0;
		};
/* End PBXFrameworksBuildPhase section */

/* Begin PBXGroup section */
		915ABD242809F0C9001DF175 /* Views */ = {
			isa = PBXGroup;
			children = (
				91CE28162806306E00D4781B /* ContentView.swift */,
				91CE282228065D3A00D4781B /* HomeView.swift */,
				91CE282428066E3800D4781B /* SettingsView.swift */,
				915ABD25280A0A98001DF175 /* CommunityView.swift */,
				914F4C7D28464D3500652989 /* MainScreenView.swift */,
				914F4C7F2846677F00652989 /* RegisterView.swift */,
				914F4C8128466FF300652989 /* RegisterWithEmailView.swift */,
			);
			path = Views;
			sourceTree = "<group>";
		};
		91CE28082806306E00D4781B = {
			isa = PBXGroup;
			children = (
				91CE28132806306E00D4781B /* BeMyEyeUI */,
				91CE28122806306E00D4781B /* Products */,
			);
			sourceTree = "<group>";
		};
		91CE28122806306E00D4781B /* Products */ = {
			isa = PBXGroup;
			children = (
				91CE28112806306E00D4781B /* Be My Eyes.app */,
			);
			name = Products;
			sourceTree = "<group>";
		};
		91CE28132806306E00D4781B /* BeMyEyeUI */ = {
			isa = PBXGroup;
			children = (
				91CE28142806306E00D4781B /* BeMyEyeUIApp.swift */,
				915ABD242809F0C9001DF175 /* Views */,
				91CE28182806306F00D4781B /* Assets.xcassets */,
				91CE281A2806306F00D4781B /* Preview Content */,
			);
			path = BeMyEyeUI;
			sourceTree = "<group>";
		};
		91CE281A2806306F00D4781B /* Preview Content */ = {
			isa = PBXGroup;
			children = (
				91CE281B2806306F00D4781B /* Preview Assets.xcassets */,
			);
			path = "Preview Content";
			sourceTree = "<group>";
		};
/* End PBXGroup section */

/* Begin PBXNativeTarget section */
		91CE28102806306E00D4781B /* BeMyEyeUI */ = {
			isa = PBXNativeTarget;
			buildConfigurationList = 91CE281F2806306F00D4781B /* Build configuration list for PBXNativeTarget "BeMyEyeUI" */;
			buildPhases = (
				91CE280D2806306E00D4781B /* Sources */,
				91CE280E2806306E00D4781B /* Frameworks */,
				91CE280F2806306E00D4781B /* Resources */,
			);
			buildRules = (
			);
			dependencies = (
			);
			name = BeMyEyeUI;
			productName = BeMyEyeUI;
			productReference = 91CE28112806306E00D4781B /* Be My Eyes.app */;
			productType = "com.apple.product-type.application";
		};
/* End PBXNativeTarget section */

/* Begin PBXProject section */
		91CE28092806306E00D4781B /* Project object */ = {
			isa = PBXProject;
			attributes = {
				BuildIndependentTargetsInParallel = 1;
				LastSwiftUpdateCheck = 1330;
				LastUpgradeCheck = 1330;
				TargetAttributes = {
					91CE28102806306E00D4781B = {
						CreatedOnToolsVersion = 13.3;
					};
				};
			};
			buildConfigurationList = 91CE280C2806306E00D4781B /* Build configuration list for PBXProject "BeMyEyeUI" */;
			compatibilityVersion = "Xcode 13.0";
			developmentRegion = en;
			hasScannedForEncodings = 0;
			knownRegions = (
				en,
				Base,
			);
			mainGroup = 91CE28082806306E00D4781B;
			productRefGroup = 91CE28122806306E00D4781B /* Products */;
			projectDirPath = "";
			projectRoot = "";
			targets = (
				91CE28102806306E00D4781B /* BeMyEyeUI */,
			);
		};
/* End PBXProject section */

/* Begin PBXResourcesBuildPhase section */
		91CE280F2806306E00D4781B /* Resources */ = {
			isa = PBXResourcesBuildPhase;
			buildActionMask = 2147483647;
			files = (
				91CE281C2806306F00D4781B /* Preview Assets.xcassets in Resources */,
				91CE28192806306F00D4781B /* Assets.xcassets in Resources */,
			);
			runOnlyForDeploymentPostprocessing = 0;
		};
/* End PBXResourcesBuildPhase section */

/* Begin PBXSourcesBuildPhase section */
		91CE280D2806306E00D4781B /* Sources */ = {
			isa = PBXSourcesBuildPhase;
			buildActionMask = 2147483647;
			files = (
				91CE282328065D3A00D4781B /* HomeView.swift in Sources */,
				914F4C7E28464D3500652989 /* MainScreenView.swift in Sources */,
				914F4C8228466FF300652989 /* RegisterWithEmailView.swift in Sources */,
				91CE282528066E3800D4781B /* SettingsView.swift in Sources */,
				914F4C802846677F00652989 /* RegisterView.swift in Sources */,
				91CE28172806306E00D4781B /* ContentView.swift in Sources */,
				915ABD26280A0A98001DF175 /* CommunityView.swift in Sources */,
				91CE28152806306E00D4781B /* BeMyEyeUIApp.swift in Sources */,
			);
			runOnlyForDeploymentPostprocessing = 0;
		};
/* End PBXSourcesBuildPhase section */

/* Begin XCBuildConfiguration section */
		91CE281D2806306F00D4781B /* Debug */ = {
			isa = XCBuildConfiguration;
			buildSettings = {
				ALWAYS_SEARCH_USER_PATHS = NO;
				CLANG_ANALYZER_NONNULL = YES;
				CLANG_ANALYZER_NUMBER_OBJECT_CONVERSION = YES_AGGRESSIVE;
				CLANG_CXX_LANGUAGE_STANDARD = "gnu++17";
				CLANG_ENABLE_MODULES = YES;
				CLANG_ENABLE_OBJC_ARC = YES;
				CLANG_ENABLE_OBJC_WEAK = YES;
				CLANG_WARN_BLOCK_CAPTURE_AUTORELEASING = YES;
				CLANG_WARN_BOOL_CONVERSION = YES;
				CLANG_WARN_COMMA = YES;
				CLANG_WARN_CONSTANT_CONVERSION = YES;
				CLANG_WARN_DEPRECATED_OBJC_IMPLEMENTATIONS = YES;
				CLANG_WARN_DIRECT_OBJC_ISA_USAGE = YES_ERROR;
				CLANG_WARN_DOCUMENTATION_COMMENTS = YES;
				CLANG_WARN_EMPTY_BODY = YES;
				CLANG_WARN_ENUM_CONVERSION = YES;
				CLANG_WARN_INFINITE_RECURSION = YES;
				CLANG_WARN_INT_CONVERSION = YES;
				CLANG_WARN_NON_LITERAL_NULL_CONVERSION = YES;
				CLANG_WARN_OBJC_IMPLICIT_RETAIN_SELF = YES;
				CLANG_WARN_OBJC_LITERAL_CONVERSION = YES;
				CLANG_WARN_OBJC_ROOT_CLASS = YES_ERROR;
				CLANG_WARN_QUOTED_INCLUDE_IN_FRAMEWORK_HEADER = YES;
				CLANG_WARN_RANGE_LOOP_ANALYSIS = YES;
				CLANG_WARN_STRICT_PROTOTYPES = YES;
				CLANG_WARN_SUSPICIOUS_MOVE = YES;
				CLANG_WARN_UNGUARDED_AVAILABILITY = YES_AGGRESSIVE;
				CLANG_WARN_UNREACHABLE_CODE = YES;
				CLANG_WARN__DUPLICATE_METHOD_MATCH = YES;
				COPY_PHASE_STRIP = NO;
				DEBUG_INFORMATION_FORMAT = dwarf;
				ENABLE_STRICT_OBJC_MSGSEND = YES;
				ENABLE_TESTABILITY = YES;
				GCC_C_LANGUAGE_STANDARD = gnu11;
				GCC_DYNAMIC_NO_PIC = NO;
				GCC_NO_COMMON_BLOCKS = YES;
				GCC_OPTIMIZATION_LEVEL = 0;
				GCC_PREPROCESSOR_DEFINITIONS = (
					"DEBUG=1",
					"$(inherited)",
				);
				GCC_WARN_64_TO_32_BIT_CONVERSION = YES;
				GCC_WARN_ABOUT_RETURN_TYPE = YES_ERROR;
				GCC_WARN_UNDECLARED_SELECTOR = YES;
				GCC_WARN_UNINITIALIZED_AUTOS = YES_AGGRESSIVE;
				GCC_WARN_UNUSED_FUNCTION = YES;
				GCC_WARN_UNUSED_VARIABLE = YES;
				IPHONEOS_DEPLOYMENT_TARGET = 15.4;
				MTL_ENABLE_DEBUG_INFO = INCLUDE_SOURCE;
				MTL_FAST_MATH = YES;
				ONLY_ACTIVE_ARCH = YES;
				SDKROOT = iphoneos;
				SWIFT_ACTIVE_COMPILATION_CONDITIONS = DEBUG;
				SWIFT_OPTIMIZATION_LEVEL = "-Onone";
			};
			name = Debug;
		};
		91CE281E2806306F00D4781B /* Release */ = {
			isa = XCBuildConfiguration;
			buildSettings = {
				ALWAYS_SEARCH_USER_PATHS = NO;
				CLANG_ANALYZER_NONNULL = YES;
				CLANG_ANALYZER_NUMBER_OBJECT_CONVERSION = YES_AGGRESSIVE;
				CLANG_CXX_LANGUAGE_STANDARD = "gnu++17";
				CLANG_ENABLE_MODULES = YES;
				CLANG_ENABLE_OBJC_ARC = YES;
				CLANG_ENABLE_OBJC_WEAK = YES;
				CLANG_WARN_BLOCK_CAPTURE_AUTORELEASING = YES;
				CLANG_WARN_BOOL_CONVERSION = YES;
				CLANG_WARN_COMMA = YES;
				CLANG_WARN_CONSTANT_CONVERSION = YES;
				CLANG_WARN_DEPRECATED_OBJC_IMPLEMENTATIONS = YES;
				CLANG_WARN_DIRECT_OBJC_ISA_USAGE = YES_ERROR;
				CLANG_WARN_DOCUMENTATION_COMMENTS = YES;
				CLANG_WARN_EMPTY_BODY = YES;
				CLANG_WARN_ENUM_CONVERSION = YES;
				CLANG_WARN_INFINITE_RECURSION = YES;
				CLANG_WARN_INT_CONVERSION = YES;
				CLANG_WARN_NON_LITERAL_NULL_CONVERSION = YES;
				CLANG_WARN_OBJC_IMPLICIT_RETAIN_SELF = YES;
				CLANG_WARN_OBJC_LITERAL_CONVERSION = YES;
				CLANG_WARN_OBJC_ROOT_CLASS = YES_ERROR;
				CLANG_WARN_QUOTED_INCLUDE_IN_FRAMEWORK_HEADER = YES;
				CLANG_WARN_RANGE_LOOP_ANALYSIS = YES;
				CLANG_WARN_STRICT_PROTOTYPES = YES;
				CLANG_WARN_SUSPICIOUS_MOVE = YES;
				CLANG_WARN_UNGUARDED_AVAILABILITY = YES_AGGRESSIVE;
				CLANG_WARN_UNREACHABLE_CODE = YES;
				CLANG_WARN__DUPLICATE_METHOD_MATCH = YES;
				COPY_PHASE_STRIP = NO;
				DEBUG_INFORMATION_FORMAT = "dwarf-with-dsym";
				ENABLE_NS_ASSERTIONS = NO;
				ENABLE_STRICT_OBJC_MSGSEND = YES;
				GCC_C_LANGUAGE_STANDARD = gnu11;
				GCC_NO_COMMON_BLOCKS = YES;
				GCC_WARN_64_TO_32_BIT_CONVERSION = YES;
				GCC_WARN_ABOUT_RETURN_TYPE = YES_ERROR;
				GCC_WARN_UNDECLARED_SELECTOR = YES;
				GCC_WARN_UNINITIALIZED_AUTOS = YES_AGGRESSIVE;
				GCC_WARN_UNUSED_FUNCTION = YES;
				GCC_WARN_UNUSED_VARIABLE = YES;
				IPHONEOS_DEPLOYMENT_TARGET = 15.4;
				MTL_ENABLE_DEBUG_INFO = NO;
				MTL_FAST_MATH = YES;
				SDKROOT = iphoneos;
				SWIFT_COMPILATION_MODE = wholemodule;
				SWIFT_OPTIMIZATION_LEVEL = "-O";
				VALIDATE_PRODUCT = YES;
			};
			name = Release;
		};
		91CE28202806306F00D4781B /* Debug */ = {
			isa = XCBuildConfiguration;
			buildSettings = {
				ASSETCATALOG_COMPILER_APPICON_NAME = AppIcon;
				ASSETCATALOG_COMPILER_GLOBAL_ACCENT_COLOR_NAME = AccentColor;
				ASSETCATALOG_COMPILER_INCLUDE_ALL_APPICON_ASSETS = YES;
				CODE_SIGN_STYLE = Automatic;
				CURRENT_PROJECT_VERSION = 1;
				DEVELOPMENT_ASSET_PATHS = "\"BeMyEyeUI/Preview Content\"";
				DEVELOPMENT_TEAM = R6T7FT27QA;
				ENABLE_PREVIEWS = YES;
				GENERATE_INFOPLIST_FILE = YES;
				INFOPLIST_KEY_UIApplicationSceneManifest_Generation = YES;
				INFOPLIST_KEY_UIApplicationSupportsIndirectInputEvents = YES;
				INFOPLIST_KEY_UILaunchScreen_Generation = YES;
				INFOPLIST_KEY_UIRequiresFullScreen = NO;
				INFOPLIST_KEY_UISupportedInterfaceOrientations = UIInterfaceOrientationPortrait;
				INFOPLIST_KEY_UISupportedInterfaceOrientations_iPad = "UIInterfaceOrientationPortrait UIInterfaceOrientationPortraitUpsideDown UIInterfaceOrientationLandscapeLeft UIInterfaceOrientationLandscapeRight";
				INFOPLIST_KEY_UISupportedInterfaceOrientations_iPhone = "UIInterfaceOrientationPortrait UIInterfaceOrientationLandscapeLeft UIInterfaceOrientationLandscapeRight";
				LD_RUNPATH_SEARCH_PATHS = (
					"$(inherited)",
					"@executable_path/Frameworks",
				);
				MARKETING_VERSION = 1.0;
				PRODUCT_BUNDLE_IDENTIFIER = com.kyeicus.BeMyEyeUI;
				PRODUCT_NAME = "Be My Eyes";
				SWIFT_EMIT_LOC_STRINGS = YES;
				SWIFT_VERSION = 5.0;
				TARGETED_DEVICE_FAMILY = "1,2";
			};
			name = Debug;
		};
		91CE28212806306F00D4781B /* Release */ = {
			isa = XCBuildConfiguration;
			buildSettings = {
				ASSETCATALOG_COMPILER_APPICON_NAME = AppIcon;
				ASSETCATALOG_COMPILER_GLOBAL_ACCENT_COLOR_NAME = AccentColor;
				ASSETCATALOG_COMPILER_INCLUDE_ALL_APPICON_ASSETS = YES;
				CODE_SIGN_STYLE = Automatic;
				CURRENT_PROJECT_VERSION = 1;
				DEVELOPMENT_ASSET_PATHS = "\"BeMyEyeUI/Preview Content\"";
				DEVELOPMENT_TEAM = R6T7FT27QA;
				ENABLE_PREVIEWS = YES;
				GENERATE_INFOPLIST_FILE = YES;
				INFOPLIST_KEY_UIApplicationSceneManifest_Generation = YES;
				INFOPLIST_KEY_UIApplicationSupportsIndirectInputEvents = YES;
				INFOPLIST_KEY_UILaunchScreen_Generation = YES;
				INFOPLIST_KEY_UIRequiresFullScreen = NO;
				INFOPLIST_KEY_UISupportedInterfaceOrientations = UIInterfaceOrientationPortrait;
				INFOPLIST_KEY_UISupportedInterfaceOrientations_iPad = "UIInterfaceOrientationPortrait UIInterfaceOrientationPortraitUpsideDown UIInterfaceOrientationLandscapeLeft UIInterfaceOrientationLandscapeRight";
				INFOPLIST_KEY_UISupportedInterfaceOrientations_iPhone = "UIInterfaceOrientationPortrait UIInterfaceOrientationLandscapeLeft UIInterfaceOrientationLandscapeRight";
				LD_RUNPATH_SEARCH_PATHS = (
					"$(inherited)",
					"@executable_path/Frameworks",
				);
				MARKETING_VERSION = 1.0;
				PRODUCT_BUNDLE_IDENTIFIER = com.kyeicus.BeMyEyeUI;
				PRODUCT_NAME = "Be My Eyes";
				SWIFT_EMIT_LOC_STRINGS = YES;
				SWIFT_VERSION = 5.0;
				TARGETED_DEVICE_FAMILY = "1,2";
			};
			name = Release;
		};
/* End XCBuildConfiguration section */

/* Begin XCConfigurationList section */
		91CE280C2806306E00D4781B /* Build configuration list for PBXProject "BeMyEyeUI" */ = {
			isa = XCConfigurationList;
			buildConfigurations = (
				91CE281D2806306F00D4781B /* Debug */,
				91CE281E2806306F00D4781B /* Release */,
			);
			defaultConfigurationIsVisible = 0;
			defaultConfigurationName = Release;
		};
		91CE281F2806306F00D4781B /* Build configuration list for PBXNativeTarget "BeMyEyeUI" */ = {
			isa = XCConfigurationList;
			buildConfigurations = (
				91CE28202806306F00D4781B /* Debug */,
				91CE28212806306F00D4781B /* Release */,
			);
			defaultConfigurationIsVisible = 0;
			defaultConfigurationName = Release;
		};
/* End XCConfigurationList section */
	};
	rootObject = 91CE28092806306E00D4781B /* Project object */;
}
